
Microsoft Visual Studio Solution File, Format Version 12.00
# Visual Studio 15
VisualStudioVersion = 15.0.28307.421
MinimumVisualStudioVersion = 10.0.40219.1
Project("{FAE04EC0-301F-11D3-BF4B-00C04F79EFBC}") = "WCFAppDataService", "WCFAppDataService\WCFAppDataService.csproj", "{FA4C6339-98A6-4C7F-A90B-9D8811DEFE2C}"
EndProject
Global
	GlobalSection(SolutionConfigurationPlatforms) = preSolution
		Debug|Any CPU = Debug|Any CPU
		Release|Any CPU = Release|Any CPU
	EndGlobalSection
	GlobalSection(ProjectConfigurationPlatforms) = postSolution
		{FA4C6339-98A6-4C7F-A90B-9D8811DEFE2C}.Debug|Any CPU.ActiveCfg = Debug|Any CPU
		{FA4C6339-98A6-4C7F-A90B-9D8811DEFE2C}.Debug|Any CPU.Build.0 = Debug|Any CPU
		{FA4C6339-98A6-4C7F-A90B-9D8811DEFE2C}.Release|Any CPU.ActiveCfg = Release|Any CPU
		{FA4C6339-98A6-4C7F-A90B-9D8811DEFE2C}.Release|Any CPU.Build.0 = Release|Any CPU
	EndGlobalSection
	GlobalSection(SolutionProperties) = preSolution
		HideSolutionNode = FALSE
	EndGlobalSection
	GlobalSection(ExtensibilityGlobals) = postSolution
		SolutionGuid = {913352BF-3751-4666-A65A-5AD3F07D33D9}
	EndGlobalSection
EndGlobal
